
Microsoft Visual Studio Solution File, Format Version 12.00
# Visual Studio Version 17
VisualStudioVersion = 17.6.33723.286
MinimumVisualStudioVersion = 10.0.40219.1
Project("{FAE04EC0-301F-11D3-BF4B-00C04F79EFBC}") = "BubbleShort", "BubbleShort.csproj", "{ECBED34C-BA2C-4DB8-8D8B-350820F3F925}"
EndProject
Global
	GlobalSection(SolutionConfigurationPlatforms) = preSolution
		Debug|Any CPU = Debug|Any CPU
		Release|Any CPU = Release|Any CPU
	EndGlobalSection
	GlobalSection(ProjectConfigurationPlatforms) = postSolution
		{ECBED34C-BA2C-4DB8-8D8B-350820F3F925}.Debug|Any CPU.ActiveCfg = Debug|Any CPU
		{ECBED34C-BA2C-4DB8-8D8B-350820F3F925}.Debug|Any CPU.Build.0 = Debug|Any CPU
		{ECBED34C-BA2C-4DB8-8D8B-350820F3F925}.Release|Any CPU.ActiveCfg = Release|Any CPU
		{ECBED34C-BA2C-4DB8-8D8B-350820F3F925}.Release|Any CPU.Build.0 = Release|Any CPU
	EndGlobalSection
	GlobalSection(SolutionProperties) = preSolution
		HideSolutionNode = FALSE
	EndGlobalSection
	GlobalSection(ExtensibilityGlobals) = postSolution
		SolutionGuid = {A922DA78-E1D7-4C19-AE3B-EE7858D312E6}
	EndGlobalSection
EndGlobal
